// !$*UTF8*$!
{
	archiveVersion = 1;
	classes = {
	};
	objectVersion = 50;
	objects = {

/* Begin PBXBuildFile section */
		605B1356266B2258004C8428 /* Nasa_Pic_Of_the_DayApp.swift in Sources */ = {isa = PBXBuildFile; fileRef = 605B1355266B2258004C8428 /* Nasa_Pic_Of_the_DayApp.swift */; };
		605B1358266B2258004C8428 /* ContentView.swift in Sources */ = {isa = PBXBuildFile; fileRef = 605B1357266B2258004C8428 /* ContentView.swift */; };
		605B135A266B2259004C8428 /* Assets.xcassets in Resources */ = {isa = PBXBuildFile; fileRef = 605B1359266B2259004C8428 /* Assets.xcassets */; };
		605B135D266B2259004C8428 /* Preview Assets.xcassets in Resources */ = {isa = PBXBuildFile; fileRef = 605B135C266B2259004C8428 /* Preview Assets.xcassets */; };
		605B1369266BFC71004C8428 /* NetworkManager.swift in Sources */ = {isa = PBXBuildFile; fileRef = 605B1368266BFC71004C8428 /* NetworkManager.swift */; };
		605B136C266C2D3D004C8428 /* UrlConstants.swift in Sources */ = {isa = PBXBuildFile; fileRef = 605B136B266C2D3D004C8428 /* UrlConstants.swift */; };
		605B136E266C2F6D004C8428 /* URLHelper.swift in Sources */ = {isa = PBXBuildFile; fileRef = 605B136D266C2F6D004C8428 /* URLHelper.swift */; };
		605B1371266C3166004C8428 /* PicOfTheDayView.swift in Sources */ = {isa = PBXBuildFile; fileRef = 605B1370266C3166004C8428 /* PicOfTheDayView.swift */; };
		605B1373266C355B004C8428 /* PhotoInfo.swift in Sources */ = {isa = PBXBuildFile; fileRef = 605B1372266C355B004C8428 /* PhotoInfo.swift */; };
/* End PBXBuildFile section */

/* Begin PBXFileReference section */
		605B1352266B2258004C8428 /* Nasa Pic Of the Day.app */ = {isa = PBXFileReference; explicitFileType = wrapper.application; includeInIndex = 0; path = "Nasa Pic Of the Day.app"; sourceTree = BUILT_PRODUCTS_DIR; };
		605B1355266B2258004C8428 /* Nasa_Pic_Of_the_DayApp.swift */ = {isa = PBXFileReference; lastKnownFileType = sourcecode.swift; path = Nasa_Pic_Of_the_DayApp.swift; sourceTree = "<group>"; };
		605B1357266B2258004C8428 /* ContentView.swift */ = {isa = PBXFileReference; lastKnownFileType = sourcecode.swift; path = ContentView.swift; sourceTree = "<group>"; };
		605B1359266B2259004C8428 /* Assets.xcassets */ = {isa = PBXFileReference; lastKnownFileType = folder.assetcatalog; path = Assets.xcassets; sourceTree = "<group>"; };
		605B135C266B2259004C8428 /* Preview Assets.xcassets */ = {isa = PBXFileReference; lastKnownFileType = folder.assetcatalog; path = "Preview Assets.xcassets"; sourceTree = "<group>"; };
		605B135E266B2259004C8428 /* Info.plist */ = {isa = PBXFileReference; lastKnownFileType = text.plist.xml; path = Info.plist; sourceTree = "<group>"; };
		605B1368266BFC71004C8428 /* NetworkManager.swift */ = {isa = PBXFileReference; lastKnownFileType = sourcecode.swift; path = NetworkManager.swift; sourceTree = "<group>"; };
		605B136B266C2D3D004C8428 /* UrlConstants.swift */ = {isa = PBXFileReference; lastKnownFileType = sourcecode.swift; path = UrlConstants.swift; sourceTree = "<group>"; };
		605B136D266C2F6D004C8428 /* URLHelper.swift */ = {isa = PBXFileReference; lastKnownFileType = sourcecode.swift; path = URLHelper.swift; sourceTree = "<group>"; };
		605B1370266C3166004C8428 /* PicOfTheDayView.swift */ = {isa = PBXFileReference; lastKnownFileType = sourcecode.swift; path = PicOfTheDayView.swift; sourceTree = "<group>"; };
		605B1372266C355B004C8428 /* PhotoInfo.swift */ = {isa = PBXFileReference; lastKnownFileType = sourcecode.swift; path = PhotoInfo.swift; sourceTree = "<group>"; };
/* End PBXFileReference section */

/* Begin PBXFrameworksBuildPhase section */
		605B134F266B2258004C8428 /* Frameworks */ = {
			isa = PBXFrameworksBuildPhase;
			buildActionMask = 2147483647;
			files = (
			);
			runOnlyForDeploymentPostprocessing = 0;
		};
/* End PBXFrameworksBuildPhase section */

/* Begin PBXGroup section */
		605B1349266B2258004C8428 = {
			isa = PBXGroup;
			children = (
				605B1354266B2258004C8428 /* Nasa Pic Of the Day */,
				605B1353266B2258004C8428 /* Products */,
			);
			sourceTree = "<group>";
		};
		605B1353266B2258004C8428 /* Products */ = {
			isa = PBXGroup;
			children = (
				605B1352266B2258004C8428 /* Nasa Pic Of the Day.app */,
			);
			name = Products;
			sourceTree = "<group>";
		};
		605B1354266B2258004C8428 /* Nasa Pic Of the Day */ = {
			isa = PBXGroup;
			children = (
				605B136F266C3157004C8428 /* Views */,
				605B136A266C2D17004C8428 /* Helpers */,
				605B1365266BFC50004C8428 /* View Model */,
				605B1364266BFC4A004C8428 /* Model */,
				605B1355266B2258004C8428 /* Nasa_Pic_Of_the_DayApp.swift */,
				605B1357266B2258004C8428 /* ContentView.swift */,
				605B1359266B2259004C8428 /* Assets.xcassets */,
				605B135E266B2259004C8428 /* Info.plist */,
				605B135B266B2259004C8428 /* Preview Content */,
			);
			path = "Nasa Pic Of the Day";
			sourceTree = "<group>";
		};
		605B135B266B2259004C8428 /* Preview Content */ = {
			isa = PBXGroup;
			children = (
				605B135C266B2259004C8428 /* Preview Assets.xcassets */,
			);
			path = "Preview Content";
			sourceTree = "<group>";
		};
		605B1364266BFC4A004C8428 /* Model */ = {
			isa = PBXGroup;
			children = (
				605B1372266C355B004C8428 /* PhotoInfo.swift */,
			);
			path = Model;
			sourceTree = "<group>";
		};
		605B1365266BFC50004C8428 /* View Model */ = {
			isa = PBXGroup;
			children = (
				605B1368266BFC71004C8428 /* NetworkManager.swift */,
			);
			path = "View Model";
			sourceTree = "<group>";
		};
		605B136A266C2D17004C8428 /* Helpers */ = {
			isa = PBXGroup;
			children = (
				605B136B266C2D3D004C8428 /* UrlConstants.swift */,
				605B136D266C2F6D004C8428 /* URLHelper.swift */,
			);
			path = Helpers;
			sourceTree = "<group>";
		};
		605B136F266C3157004C8428 /* Views */ = {
			isa = PBXGroup;
			children = (
				605B1370266C3166004C8428 /* PicOfTheDayView.swift */,
			);
			path = Views;
			sourceTree = "<group>";
		};
/* End PBXGroup section */

/* Begin PBXNativeTarget section */
		605B1351266B2258004C8428 /* Nasa Pic Of the Day */ = {
			isa = PBXNativeTarget;
			buildConfigurationList = 605B1361266B2259004C8428 /* Build configuration list for PBXNativeTarget "Nasa Pic Of the Day" */;
			buildPhases = (
				605B134E266B2258004C8428 /* Sources */,
				605B134F266B2258004C8428 /* Frameworks */,
				605B1350266B2258004C8428 /* Resources */,
			);
			buildRules = (
			);
			dependencies = (
			);
			name = "Nasa Pic Of the Day";
			productName = "Nasa Pic Of the Day";
			productReference = 605B1352266B2258004C8428 /* Nasa Pic Of the Day.app */;
			productType = "com.apple.product-type.application";
		};
/* End PBXNativeTarget section */

/* Begin PBXProject section */
		605B134A266B2258004C8428 /* Project object */ = {
			isa = PBXProject;
			attributes = {
				LastSwiftUpdateCheck = 1250;
				LastUpgradeCheck = 1250;
				TargetAttributes = {
					605B1351266B2258004C8428 = {
						CreatedOnToolsVersion = 12.5;
					};
				};
			};
			buildConfigurationList = 605B134D266B2258004C8428 /* Build configuration list for PBXProject "Nasa Pic Of the Day" */;
			compatibilityVersion = "Xcode 9.3";
			developmentRegion = en;
			hasScannedForEncodings = 0;
			knownRegions = (
				en,
				Base,
			);
			mainGroup = 605B1349266B2258004C8428;
			productRefGroup = 605B1353266B2258004C8428 /* Products */;
			projectDirPath = "";
			projectRoot = "";
			targets = (
				605B1351266B2258004C8428 /* Nasa Pic Of the Day */,
			);
		};
/* End PBXProject section */

/* Begin PBXResourcesBuildPhase section */
		605B1350266B2258004C8428 /* Resources */ = {
			isa = PBXResourcesBuildPhase;
			buildActionMask = 2147483647;
			files = (
				605B135D266B2259004C8428 /* Preview Assets.xcassets in Resources */,
				605B135A266B2259004C8428 /* Assets.xcassets in Resources */,
			);
			runOnlyForDeploymentPostprocessing = 0;
		};
/* End PBXResourcesBuildPhase section */

/* Begin PBXSourcesBuildPhase section */
		605B134E266B2258004C8428 /* Sources */ = {
			isa = PBXSourcesBuildPhase;
			buildActionMask = 2147483647;
			files = (
				605B1373266C355B004C8428 /* PhotoInfo.swift in Sources */,
				605B136E266C2F6D004C8428 /* URLHelper.swift in Sources */,
				605B1371266C3166004C8428 /* PicOfTheDayView.swift in Sources */,
				605B1369266BFC71004C8428 /* NetworkManager.swift in Sources */,
				605B136C266C2D3D004C8428 /* UrlConstants.swift in Sources */,
				605B1358266B2258004C8428 /* ContentView.swift in Sources */,
				605B1356266B2258004C8428 /* Nasa_Pic_Of_the_DayApp.swift in Sources */,
			);
			runOnlyForDeploymentPostprocessing = 0;
		};
/* End PBXSourcesBuildPhase section */

/* Begin XCBuildConfiguration section */
		605B135F266B2259004C8428 /* Debug */ = {
			isa = XCBuildConfiguration;
			buildSettings = {
				ALWAYS_SEARCH_USER_PATHS = NO;
				CLANG_ANALYZER_NONNULL = YES;
				CLANG_ANALYZER_NUMBER_OBJECT_CONVERSION = YES_AGGRESSIVE;
				CLANG_CXX_LANGUAGE_STANDARD = "gnu++14";
				CLANG_CXX_LIBRARY = "libc++";
				CLANG_ENABLE_MODULES = YES;
				CLANG_ENABLE_OBJC_ARC = YES;
				CLANG_ENABLE_OBJC_WEAK = YES;
				CLANG_WARN_BLOCK_CAPTURE_AUTORELEASING = YES;
				CLANG_WARN_BOOL_CONVERSION = YES;
				CLANG_WARN_COMMA = YES;
				CLANG_WARN_CONSTANT_CONVERSION = YES;
				CLANG_WARN_DEPRECATED_OBJC_IMPLEMENTATIONS = YES;
				CLANG_WARN_DIRECT_OBJC_ISA_USAGE = YES_ERROR;
				CLANG_WARN_DOCUMENTATION_COMMENTS = YES;
				CLANG_WARN_EMPTY_BODY = YES;
				CLANG_WARN_ENUM_CONVERSION = YES;
				CLANG_WARN_INFINITE_RECURSION = YES;
				CLANG_WARN_INT_CONVERSION = YES;
				CLANG_WARN_NON_LITERAL_NULL_CONVERSION = YES;
				CLANG_WARN_OBJC_IMPLICIT_RETAIN_SELF = YES;
				CLANG_WARN_OBJC_LITERAL_CONVERSION = YES;
				CLANG_WARN_OBJC_ROOT_CLASS = YES_ERROR;
				CLANG_WARN_QUOTED_INCLUDE_IN_FRAMEWORK_HEADER = YES;
				CLANG_WARN_RANGE_LOOP_ANALYSIS = YES;
				CLANG_WARN_STRICT_PROTOTYPES = YES;
				CLANG_WARN_SUSPICIOUS_MOVE = YES;
				CLANG_WARN_UNGUARDED_AVAILABILITY = YES_AGGRESSIVE;
				CLANG_WARN_UNREACHABLE_CODE = YES;
				CLANG_WARN__DUPLICATE_METHOD_MATCH = YES;
				COPY_PHASE_STRIP = NO;
				DEBUG_INFORMATION_FORMAT = dwarf;
				ENABLE_STRICT_OBJC_MSGSEND = YES;
				ENABLE_TESTABILITY = YES;
				GCC_C_LANGUAGE_STANDARD = gnu11;
				GCC_DYNAMIC_NO_PIC = NO;
				GCC_NO_COMMON_BLOCKS = YES;
				GCC_OPTIMIZATION_LEVEL = 0;
				GCC_PREPROCESSOR_DEFINITIONS = (
					"DEBUG=1",
					"$(inherited)",
				);
				GCC_WARN_64_TO_32_BIT_CONVERSION = YES;
				GCC_WARN_ABOUT_RETURN_TYPE = YES_ERROR;
				GCC_WARN_UNDECLARED_SELECTOR = YES;
				GCC_WARN_UNINITIALIZED_AUTOS = YES_AGGRESSIVE;
				GCC_WARN_UNUSED_FUNCTION = YES;
				GCC_WARN_UNUSED_VARIABLE = YES;
				IPHONEOS_DEPLOYMENT_TARGET = 14.5;
				MTL_ENABLE_DEBUG_INFO = INCLUDE_SOURCE;
				MTL_FAST_MATH = YES;
				ONLY_ACTIVE_ARCH = YES;
				SDKROOT = iphoneos;
				SWIFT_ACTIVE_COMPILATION_CONDITIONS = DEBUG;
				SWIFT_OPTIMIZATION_LEVEL = "-Onone";
			};
			name = Debug;
		};
		605B1360266B2259004C8428 /* Release */ = {
			isa = XCBuildConfiguration;
			buildSettings = {
				ALWAYS_SEARCH_USER_PATHS = NO;
				CLANG_ANALYZER_NONNULL = YES;
				CLANG_ANALYZER_NUMBER_OBJECT_CONVERSION = YES_AGGRESSIVE;
				CLANG_CXX_LANGUAGE_STANDARD = "gnu++14";
				CLANG_CXX_LIBRARY = "libc++";
				CLANG_ENABLE_MODULES = YES;
				CLANG_ENABLE_OBJC_ARC = YES;
				CLANG_ENABLE_OBJC_WEAK = YES;
				CLANG_WARN_BLOCK_CAPTURE_AUTORELEASING = YES;
				CLANG_WARN_BOOL_CONVERSION = YES;
				CLANG_WARN_COMMA = YES;
				CLANG_WARN_CONSTANT_CONVERSION = YES;
				CLANG_WARN_DEPRECATED_OBJC_IMPLEMENTATIONS = YES;
				CLANG_WARN_DIRECT_OBJC_ISA_USAGE = YES_ERROR;
				CLANG_WARN_DOCUMENTATION_COMMENTS = YES;
				CLANG_WARN_EMPTY_BODY = YES;
				CLANG_WARN_ENUM_CONVERSION = YES;
				CLANG_WARN_INFINITE_RECURSION = YES;
				CLANG_WARN_INT_CONVERSION = YES;
				CLANG_WARN_NON_LITERAL_NULL_CONVERSION = YES;
				CLANG_WARN_OBJC_IMPLICIT_RETAIN_SELF = YES;
				CLANG_WARN_OBJC_LITERAL_CONVERSION = YES;
				CLANG_WARN_OBJC_ROOT_CLASS = YES_ERROR;
				CLANG_WARN_QUOTED_INCLUDE_IN_FRAMEWORK_HEADER = YES;
				CLANG_WARN_RANGE_LOOP_ANALYSIS = YES;
				CLANG_WARN_STRICT_PROTOTYPES = YES;
				CLANG_WARN_SUSPICIOUS_MOVE = YES;
				CLANG_WARN_UNGUARDED_AVAILABILITY = YES_AGGRESSIVE;
				CLANG_WARN_UNREACHABLE_CODE = YES;
				CLANG_WARN__DUPLICATE_METHOD_MATCH = YES;
				COPY_PHASE_STRIP = NO;
				DEBUG_INFORMATION_FORMAT = "dwarf-with-dsym";
				ENABLE_NS_ASSERTIONS = NO;
				ENABLE_STRICT_OBJC_MSGSEND = YES;
				GCC_C_LANGUAGE_STANDARD = gnu11;
				GCC_NO_COMMON_BLOCKS = YES;
				GCC_WARN_64_TO_32_BIT_CONVERSION = YES;
				GCC_WARN_ABOUT_RETURN_TYPE = YES_ERROR;
				GCC_WARN_UNDECLARED_SELECTOR = YES;
				GCC_WARN_UNINITIALIZED_AUTOS = YES_AGGRESSIVE;
				GCC_WARN_UNUSED_FUNCTION = YES;
				GCC_WARN_UNUSED_VARIABLE = YES;
				IPHONEOS_DEPLOYMENT_TARGET = 14.5;
				MTL_ENABLE_DEBUG_INFO = NO;
				MTL_FAST_MATH = YES;
				SDKROOT = iphoneos;
				SWIFT_COMPILATION_MODE = wholemodule;
				SWIFT_OPTIMIZATION_LEVEL = "-O";
				VALIDATE_PRODUCT = YES;
			};
			name = Release;
		};
		605B1362266B2259004C8428 /* Debug */ = {
			isa = XCBuildConfiguration;
			buildSettings = {
				ASSETCATALOG_COMPILER_APPICON_NAME = AppIcon;
				ASSETCATALOG_COMPILER_GLOBAL_ACCENT_COLOR_NAME = AccentColor;
				CODE_SIGN_STYLE = Automatic;
				DEVELOPMENT_ASSET_PATHS = "\"Nasa Pic Of the Day/Preview Content\"";
				DEVELOPMENT_TEAM = 33AWYLTSUQ;
				ENABLE_PREVIEWS = YES;
				INFOPLIST_FILE = "Nasa Pic Of the Day/Info.plist";
				IPHONEOS_DEPLOYMENT_TARGET = 14.0;
				LD_RUNPATH_SEARCH_PATHS = (
					"$(inherited)",
					"@executable_path/Frameworks",
				);
				PRODUCT_BUNDLE_IDENTIFIER = "com.Galarza.Nasa-Pic-Of-the-Day";
				PRODUCT_NAME = "$(TARGET_NAME)";
				SWIFT_VERSION = 5.0;
				TARGETED_DEVICE_FAMILY = "1,2";
			};
			name = Debug;
		};
		605B1363266B2259004C8428 /* Release */ = {
			isa = XCBuildConfiguration;
			buildSettings = {
				ASSETCATALOG_COMPILER_APPICON_NAME = AppIcon;
				ASSETCATALOG_COMPILER_GLOBAL_ACCENT_COLOR_NAME = AccentColor;
				CODE_SIGN_STYLE = Automatic;
				DEVELOPMENT_ASSET_PATHS = "\"Nasa Pic Of the Day/Preview Content\"";
				DEVELOPMENT_TEAM = 33AWYLTSUQ;
				ENABLE_PREVIEWS = YES;
				INFOPLIST_FILE = "Nasa Pic Of the Day/Info.plist";
				IPHONEOS_DEPLOYMENT_TARGET = 14.0;
				LD_RUNPATH_SEARCH_PATHS = (
					"$(inherited)",
					"@executable_path/Frameworks",
				);
				PRODUCT_BUNDLE_IDENTIFIER = "com.Galarza.Nasa-Pic-Of-the-Day";
				PRODUCT_NAME = "$(TARGET_NAME)";
				SWIFT_VERSION = 5.0;
				TARGETED_DEVICE_FAMILY = "1,2";
			};
			name = Release;
		};
/* End XCBuildConfiguration section */

/* Begin XCConfigurationList section */
		605B134D266B2258004C8428 /* Build configuration list for PBXProject "Nasa Pic Of the Day" */ = {
			isa = XCConfigurationList;
			buildConfigurations = (
				605B135F266B2259004C8428 /* Debug */,
				605B1360266B2259004C8428 /* Release */,
			);
			defaultConfigurationIsVisible = 0;
			defaultConfigurationName = Release;
		};
		605B1361266B2259004C8428 /* Build configuration list for PBXNativeTarget "Nasa Pic Of the Day" */ = {
			isa = XCConfigurationList;
			buildConfigurations = (
				605B1362266B2259004C8428 /* Debug */,
				605B1363266B2259004C8428 /* Release */,
			);
			defaultConfigurationIsVisible = 0;
			defaultConfigurationName = Release;
		};
/* End XCConfigurationList section */
	};
	rootObject = 605B134A266B2258004C8428 /* Project object */;
}
